// !$*UTF8*$!
{
	archiveVersion = 1;
	classes = {
	};
	objectVersion = 46;
	objects = {

/* Begin PBXBuildFile section */
		73CBE9AB32CB0E4E473D1290 /* Pods_XXTable.framework in Frameworks */ = {isa = PBXBuildFile; fileRef = 8CA6884A222590C6545FA09B /* Pods_XXTable.framework */; };
		B5014EBC1C8D2C7E00887024 /* main.m in Sources */ = {isa = PBXBuildFile; fileRef = B5014EBB1C8D2C7E00887024 /* main.m */; };
		B5014EC71C8D2C7E00887024 /* Assets.xcassets in Resources */ = {isa = PBXBuildFile; fileRef = B5014EC61C8D2C7E00887024 /* Assets.xcassets */; };
		B5014ED51C8D2C7E00887024 /* XXTableTests.m in Sources */ = {isa = PBXBuildFile; fileRef = B5014ED41C8D2C7E00887024 /* XXTableTests.m */; };
		B5014EE01C8D2C7E00887024 /* XXTableUITests.m in Sources */ = {isa = PBXBuildFile; fileRef = B5014EDF1C8D2C7E00887024 /* XXTableUITests.m */; };
		B5014EF41C8D2E5D00887024 /* AppDelegate.m in Sources */ = {isa = PBXBuildFile; fileRef = B5014EF11C8D2E5D00887024 /* AppDelegate.m */; };
		B5014EF51C8D2E5D00887024 /* ViewController.m in Sources */ = {isa = PBXBuildFile; fileRef = B5014EF31C8D2E5D00887024 /* ViewController.m */; };
		B5014EF81C8D2ECA00887024 /* XXNavViewController.m in Sources */ = {isa = PBXBuildFile; fileRef = B5014EF71C8D2ECA00887024 /* XXNavViewController.m */; };
		B5014EFA1C8D3B1500887024 /* Default-568h@2x.png in Resources */ = {isa = PBXBuildFile; fileRef = B5014EF91C8D3B1500887024 /* Default-568h@2x.png */; };
		B5014EFF1C8D437B00887024 /* XXTableViewController.m in Sources */ = {isa = PBXBuildFile; fileRef = B5014EFE1C8D437B00887024 /* XXTableViewController.m */; };
		B5014F021C8D442200887024 /* XXTableViewCell.m in Sources */ = {isa = PBXBuildFile; fileRef = B5014F011C8D442200887024 /* XXTableViewCell.m */; };
		B5014F051C8D471900887024 /* ButtonNormal.m in Sources */ = {isa = PBXBuildFile; fileRef = B5014F041C8D471900887024 /* ButtonNormal.m */; };
		B5014F071C8D4B8300887024 /* tmall_icon_cat_outing_1.png in Resources */ = {isa = PBXBuildFile; fileRef = B5014F061C8D4B8300887024 /* tmall_icon_cat_outing_1.png */; };
/* End PBXBuildFile section */

/* Begin PBXContainerItemProxy section */
		B5014ED11C8D2C7E00887024 /* PBXContainerItemProxy */ = {
			isa = PBXContainerItemProxy;
			containerPortal = B5014EAF1C8D2C7E00887024 /* Project object */;
			proxyType = 1;
			remoteGlobalIDString = B5014EB61C8D2C7E00887024;
			remoteInfo = XXTable;
		};
		B5014EDC1C8D2C7E00887024 /* PBXContainerItemProxy */ = {
			isa = PBXContainerItemProxy;
			containerPortal = B5014EAF1C8D2C7E00887024 /* Project object */;
			proxyType = 1;
			remoteGlobalIDString = B5014EB61C8D2C7E00887024;
			remoteInfo = XXTable;
		};
/* End PBXContainerItemProxy section */

/* Begin PBXFileReference section */
		8CA6884A222590C6545FA09B /* Pods_XXTable.framework */ = {isa = PBXFileReference; explicitFileType = wrapper.framework; includeInIndex = 0; path = Pods_XXTable.framework; sourceTree = BUILT_PRODUCTS_DIR; };
		9A15F0F03F6E861766B5752C /* Pods-XXTable.release.xcconfig */ = {isa = PBXFileReference; includeInIndex = 1; lastKnownFileType = text.xcconfig; name = "Pods-XXTable.release.xcconfig"; path = "Pods/Target Support Files/Pods-XXTable/Pods-XXTable.release.xcconfig"; sourceTree = "<group>"; };
		AACD19BBB5498DF60C24E61E /* Pods-XXTable.debug.xcconfig */ = {isa = PBXFileReference; includeInIndex = 1; lastKnownFileType = text.xcconfig; name = "Pods-XXTable.debug.xcconfig"; path = "Pods/Target Support Files/Pods-XXTable/Pods-XXTable.debug.xcconfig"; sourceTree = "<group>"; };
		B5014EB71C8D2C7E00887024 /* XXTable.app */ = {isa = PBXFileReference; explicitFileType = wrapper.application; includeInIndex = 0; path = XXTable.app; sourceTree = BUILT_PRODUCTS_DIR; };
		B5014EBB1C8D2C7E00887024 /* main.m */ = {isa = PBXFileReference; lastKnownFileType = sourcecode.c.objc; path = main.m; sourceTree = "<group>"; };
		B5014EC61C8D2C7E00887024 /* Assets.xcassets */ = {isa = PBXFileReference; lastKnownFileType = folder.assetcatalog; path = Assets.xcassets; sourceTree = "<group>"; };
		B5014ECB1C8D2C7E00887024 /* Info.plist */ = {isa = PBXFileReference; lastKnownFileType = text.plist.xml; path = Info.plist; sourceTree = "<group>"; };
		B5014ED01C8D2C7E00887024 /* XXTableTests.xctest */ = {isa = PBXFileReference; explicitFileType = wrapper.cfbundle; includeInIndex = 0; path = XXTableTests.xctest; sourceTree = BUILT_PRODUCTS_DIR; };
		B5014ED41C8D2C7E00887024 /* XXTableTests.m */ = {isa = PBXFileReference; lastKnownFileType = sourcecode.c.objc; path = XXTableTests.m; sourceTree = "<group>"; };
		B5014ED61C8D2C7E00887024 /* Info.plist */ = {isa = PBXFileReference; lastKnownFileType = text.plist.xml; path = Info.plist; sourceTree = "<group>"; };
		B5014EDB1C8D2C7E00887024 /* XXTableUITests.xctest */ = {isa = PBXFileReference; explicitFileType = wrapper.cfbundle; includeInIndex = 0; path = XXTableUITests.xctest; sourceTree = BUILT_PRODUCTS_DIR; };
		B5014EDF1C8D2C7E00887024 /* XXTableUITests.m */ = {isa = PBXFileReference; lastKnownFileType = sourcecode.c.objc; path = XXTableUITests.m; sourceTree = "<group>"; };
		B5014EE11C8D2C7E00887024 /* Info.plist */ = {isa = PBXFileReference; lastKnownFileType = text.plist.xml; path = Info.plist; sourceTree = "<group>"; };
		B5014EF01C8D2E5D00887024 /* AppDelegate.h */ = {isa = PBXFileReference; fileEncoding = 4; lastKnownFileType = sourcecode.c.h; path = AppDelegate.h; sourceTree = "<group>"; };
		B5014EF11C8D2E5D00887024 /* AppDelegate.m */ = {isa = PBXFileReference; fileEncoding = 4; lastKnownFileType = sourcecode.c.objc; path = AppDelegate.m; sourceTree = "<group>"; };
		B5014EF21C8D2E5D00887024 /* ViewController.h */ = {isa = PBXFileReference; fileEncoding = 4; lastKnownFileType = sourcecode.c.h; path = ViewController.h; sourceTree = "<group>"; };
		B5014EF31C8D2E5D00887024 /* ViewController.m */ = {isa = PBXFileReference; fileEncoding = 4; lastKnownFileType = sourcecode.c.objc; path = ViewController.m; sourceTree = "<group>"; };
		B5014EF61C8D2ECA00887024 /* XXNavViewController.h */ = {isa = PBXFileReference; fileEncoding = 4; lastKnownFileType = sourcecode.c.h; path = XXNavViewController.h; sourceTree = "<group>"; };
		B5014EF71C8D2ECA00887024 /* XXNavViewController.m */ = {isa = PBXFileReference; fileEncoding = 4; lastKnownFileType = sourcecode.c.objc; path = XXNavViewController.m; sourceTree = "<group>"; };
		B5014EF91C8D3B1500887024 /* Default-568h@2x.png */ = {isa = PBXFileReference; lastKnownFileType = image.png; path = "Default-568h@2x.png"; sourceTree = "<group>"; };
		B5014EFB1C8D400600887024 /* PrefixHeader.pch */ = {isa = PBXFileReference; lastKnownFileType = sourcecode.c.h; path = PrefixHeader.pch; sourceTree = "<group>"; };
		B5014EFD1C8D437B00887024 /* XXTableViewController.h */ = {isa = PBXFileReference; fileEncoding = 4; lastKnownFileType = sourcecode.c.h; path = XXTableViewController.h; sourceTree = "<group>"; };
		B5014EFE1C8D437B00887024 /* XXTableViewController.m */ = {isa = PBXFileReference; fileEncoding = 4; lastKnownFileType = sourcecode.c.objc; path = XXTableViewController.m; sourceTree = "<group>"; };
		B5014F001C8D442200887024 /* XXTableViewCell.h */ = {isa = PBXFileReference; fileEncoding = 4; lastKnownFileType = sourcecode.c.h; path = XXTableViewCell.h; sourceTree = "<group>"; };
		B5014F011C8D442200887024 /* XXTableViewCell.m */ = {isa = PBXFileReference; fileEncoding = 4; lastKnownFileType = sourcecode.c.objc; path = XXTableViewCell.m; sourceTree = "<group>"; };
		B5014F031C8D471900887024 /* ButtonNormal.h */ = {isa = PBXFileReference; fileEncoding = 4; lastKnownFileType = sourcecode.c.h; path = ButtonNormal.h; sourceTree = "<group>"; };
		B5014F041C8D471900887024 /* ButtonNormal.m */ = {isa = PBXFileReference; fileEncoding = 4; lastKnownFileType = sourcecode.c.objc; path = ButtonNormal.m; sourceTree = "<group>"; };
		B5014F061C8D4B8300887024 /* tmall_icon_cat_outing_1.png */ = {isa = PBXFileReference; lastKnownFileType = image.png; path = tmall_icon_cat_outing_1.png; sourceTree = "<group>"; };
/* End PBXFileReference section */

/* Begin PBXFrameworksBuildPhase section */
		B5014EB41C8D2C7E00887024 /* Frameworks */ = {
			isa = PBXFrameworksBuildPhase;
			buildActionMask = 2147483647;
			files = (
				73CBE9AB32CB0E4E473D1290 /* Pods_XXTable.framework in Frameworks */,
			);
			runOnlyForDeploymentPostprocessing = 0;
		};
		B5014ECD1C8D2C7E00887024 /* Frameworks */ = {
			isa = PBXFrameworksBuildPhase;
			buildActionMask = 2147483647;
			files = (
			);
			runOnlyForDeploymentPostprocessing = 0;
		};
		B5014ED81C8D2C7E00887024 /* Frameworks */ = {
			isa = PBXFrameworksBuildPhase;
			buildActionMask = 2147483647;
			files = (
			);
			runOnlyForDeploymentPostprocessing = 0;
		};
/* End PBXFrameworksBuildPhase section */

/* Begin PBXGroup section */
		181A7AC5E489C9A7F73719FE /* Pods */ = {
			isa = PBXGroup;
			children = (
				AACD19BBB5498DF60C24E61E /* Pods-XXTable.debug.xcconfig */,
				9A15F0F03F6E861766B5752C /* Pods-XXTable.release.xcconfig */,
			);
			name = Pods;
			sourceTree = "<group>";
		};
		799A44869DF81347EE81A811 /* Frameworks */ = {
			isa = PBXGroup;
			children = (
				8CA6884A222590C6545FA09B /* Pods_XXTable.framework */,
			);
			name = Frameworks;
			sourceTree = "<group>";
		};
		B5014EAE1C8D2C7E00887024 = {
			isa = PBXGroup;
			children = (
				B5014EF91C8D3B1500887024 /* Default-568h@2x.png */,
				B5014EB91C8D2C7E00887024 /* XXTable */,
				B5014ED31C8D2C7E00887024 /* XXTableTests */,
				B5014EDE1C8D2C7E00887024 /* XXTableUITests */,
				B5014EB81C8D2C7E00887024 /* Products */,
				181A7AC5E489C9A7F73719FE /* Pods */,
				799A44869DF81347EE81A811 /* Frameworks */,
			);
			sourceTree = "<group>";
		};
		B5014EB81C8D2C7E00887024 /* Products */ = {
			isa = PBXGroup;
			children = (
				B5014EB71C8D2C7E00887024 /* XXTable.app */,
				B5014ED01C8D2C7E00887024 /* XXTableTests.xctest */,
				B5014EDB1C8D2C7E00887024 /* XXTableUITests.xctest */,
			);
			name = Products;
			sourceTree = "<group>";
		};
		B5014EB91C8D2C7E00887024 /* XXTable */ = {
			isa = PBXGroup;
			children = (
				B5014EED1C8D2DBE00887024 /* Classes */,
				B5014EC61C8D2C7E00887024 /* Assets.xcassets */,
				B5014ECB1C8D2C7E00887024 /* Info.plist */,
				B5014EBA1C8D2C7E00887024 /* Supporting Files */,
			);
			path = XXTable;
			sourceTree = "<group>";
		};
		B5014EBA1C8D2C7E00887024 /* Supporting Files */ = {
			isa = PBXGroup;
			children = (
				B5014EBB1C8D2C7E00887024 /* main.m */,
				B5014EFB1C8D400600887024 /* PrefixHeader.pch */,
			);
			name = "Supporting Files";
			sourceTree = "<group>";
		};
		B5014ED31C8D2C7E00887024 /* XXTableTests */ = {
			isa = PBXGroup;
			children = (
				B5014ED41C8D2C7E00887024 /* XXTableTests.m */,
				B5014ED61C8D2C7E00887024 /* Info.plist */,
			);
			path = XXTableTests;
			sourceTree = "<group>";
		};
		B5014EDE1C8D2C7E00887024 /* XXTableUITests */ = {
			isa = PBXGroup;
			children = (
				B5014EDF1C8D2C7E00887024 /* XXTableUITests.m */,
				B5014EE11C8D2C7E00887024 /* Info.plist */,
			);
			path = XXTableUITests;
			sourceTree = "<group>";
		};
		B5014EED1C8D2DBE00887024 /* Classes */ = {
			isa = PBXGroup;
			children = (
				B5014EEE1C8D2DBE00887024 /* Main */,
				B5014EEF1C8D2DBE00887024 /* Other */,
				B5014EFC1C8D434500887024 /* XXTableControll */,
			);
			path = Classes;
			sourceTree = "<group>";
		};
		B5014EEE1C8D2DBE00887024 /* Main */ = {
			isa = PBXGroup;
			children = (
				B5014EF61C8D2ECA00887024 /* XXNavViewController.h */,
				B5014EF71C8D2ECA00887024 /* XXNavViewController.m */,
			);
			path = Main;
			sourceTree = "<group>";
		};
		B5014EEF1C8D2DBE00887024 /* Other */ = {
			isa = PBXGroup;
			children = (
				B5014EF01C8D2E5D00887024 /* AppDelegate.h */,
				B5014EF11C8D2E5D00887024 /* AppDelegate.m */,
				B5014EF21C8D2E5D00887024 /* ViewController.h */,
				B5014EF31C8D2E5D00887024 /* ViewController.m */,
			);
			path = Other;
			sourceTree = "<group>";
		};
		B5014EFC1C8D434500887024 /* XXTableControll */ = {
			isa = PBXGroup;
			children = (
				B5014EFD1C8D437B00887024 /* XXTableViewController.h */,
				B5014EFE1C8D437B00887024 /* XXTableViewController.m */,
				B5014F001C8D442200887024 /* XXTableViewCell.h */,
				B5014F011C8D442200887024 /* XXTableViewCell.m */,
				B5014F061C8D4B8300887024 /* tmall_icon_cat_outing_1.png */,
				B5014F031C8D471900887024 /* ButtonNormal.h */,
				B5014F041C8D471900887024 /* ButtonNormal.m */,
			);
			path = XXTableControll;
			sourceTree = "<group>";
		};
/* End PBXGroup section */

/* Begin PBXNativeTarget section */
		B5014EB61C8D2C7E00887024 /* XXTable */ = {
			isa = PBXNativeTarget;
			buildConfigurationList = B5014EE41C8D2C7E00887024 /* Build configuration list for PBXNativeTarget "XXTable" */;
			buildPhases = (
				31B6C84D2A6492BC9EF21B89 /* Check Pods Manifest.lock */,
				B5014EB31C8D2C7E00887024 /* Sources */,
				B5014EB41C8D2C7E00887024 /* Frameworks */,
				B5014EB51C8D2C7E00887024 /* Resources */,
				4DD71E3A0EDF09870B175785 /* Embed Pods Frameworks */,
				7539677D2058DD9D9D097C1D /* Copy Pods Resources */,
			);
			buildRules = (
			);
			dependencies = (
			);
			name = XXTable;
			productName = XXTable;
			productReference = B5014EB71C8D2C7E00887024 /* XXTable.app */;
			productType = "com.apple.product-type.application";
		};
		B5014ECF1C8D2C7E00887024 /* XXTableTests */ = {
			isa = PBXNativeTarget;
			buildConfigurationList = B5014EE71C8D2C7E00887024 /* Build configuration list for PBXNativeTarget "XXTableTests" */;
			buildPhases = (
				B5014ECC1C8D2C7E00887024 /* Sources */,
				B5014ECD1C8D2C7E00887024 /* Frameworks */,
				B5014ECE1C8D2C7E00887024 /* Resources */,
			);
			buildRules = (
			);
			dependencies = (
				B5014ED21C8D2C7E00887024 /* PBXTargetDependency */,
			);
			name = XXTableTests;
			productName = XXTableTests;
			productReference = B5014ED01C8D2C7E00887024 /* XXTableTests.xctest */;
			productType = "com.apple.product-type.bundle.unit-test";
		};
		B5014EDA1C8D2C7E00887024 /* XXTableUITests */ = {
			isa = PBXNativeTarget;
			buildConfigurationList = B5014EEA1C8D2C7E00887024 /* Build configuration list for PBXNativeTarget "XXTableUITests" */;
			buildPhases = (
				B5014ED71C8D2C7E00887024 /* Sources */,
				B5014ED81C8D2C7E00887024 /* Frameworks */,
				B5014ED91C8D2C7E00887024 /* Resources */,
			);
			buildRules = (
			);
			dependencies = (
				B5014EDD1C8D2C7E00887024 /* PBXTargetDependency */,
			);
			name = XXTableUITests;
			productName = XXTableUITests;
			productReference = B5014EDB1C8D2C7E00887024 /* XXTableUITests.xctest */;
			productType = "com.apple.product-type.bundle.ui-testing";
		};
/* End PBXNativeTarget section */

/* Begin PBXProject section */
		B5014EAF1C8D2C7E00887024 /* Project object */ = {
			isa = PBXProject;
			attributes = {
				LastUpgradeCheck = 0720;
				ORGANIZATIONNAME = lxx;
				TargetAttributes = {
					B5014EB61C8D2C7E00887024 = {
						CreatedOnToolsVersion = 7.2;
						DevelopmentTeam = 3HXKSU38SD;
					};
					B5014ECF1C8D2C7E00887024 = {
						CreatedOnToolsVersion = 7.2;
						DevelopmentTeam = 3HXKSU38SD;
						TestTargetID = B5014EB61C8D2C7E00887024;
					};
					B5014EDA1C8D2C7E00887024 = {
						CreatedOnToolsVersion = 7.2;
						DevelopmentTeam = 3HXKSU38SD;
						TestTargetID = B5014EB61C8D2C7E00887024;
					};
				};
			};
			buildConfigurationList = B5014EB21C8D2C7E00887024 /* Build configuration list for PBXProject "XXTable" */;
			compatibilityVersion = "Xcode 3.2";
			developmentRegion = English;
			hasScannedForEncodings = 0;
			knownRegions = (
				en,
				Base,
			);
			mainGroup = B5014EAE1C8D2C7E00887024;
			productRefGroup = B5014EB81C8D2C7E00887024 /* Products */;
			projectDirPath = "";
			projectRoot = "";
			targets = (
				B5014EB61C8D2C7E00887024 /* XXTable */,
				B5014ECF1C8D2C7E00887024 /* XXTableTests */,
				B5014EDA1C8D2C7E00887024 /* XXTableUITests */,
			);
		};
/* End PBXProject section */

/* Begin PBXResourcesBuildPhase section */
		B5014EB51C8D2C7E00887024 /* Resources */ = {
			isa = PBXResourcesBuildPhase;
			buildActionMask = 2147483647;
			files = (
				B5014EC71C8D2C7E00887024 /* Assets.xcassets in Resources */,
				B5014F071C8D4B8300887024 /* tmall_icon_cat_outing_1.png in Resources */,
				B5014EFA1C8D3B1500887024 /* Default-568h@2x.png in Resources */,
			);
			runOnlyForDeploymentPostprocessing = 0;
		};
		B5014ECE1C8D2C7E00887024 /* Resources */ = {
			isa = PBXResourcesBuildPhase;
			buildActionMask = 2147483647;
			files = (
			);
			runOnlyForDeploymentPostprocessing = 0;
		};
		B5014ED91C8D2C7E00887024 /* Resources */ = {
			isa = PBXResourcesBuildPhase;
			buildActionMask = 2147483647;
			files = (
			);
			runOnlyForDeploymentPostprocessing = 0;
		};
/* End PBXResourcesBuildPhase section */

/* Begin PBXShellScriptBuildPhase section */
		31B6C84D2A6492BC9EF21B89 /* Check Pods Manifest.lock */ = {
			isa = PBXShellScriptBuildPhase;
			buildActionMask = 2147483647;
			files = (
			);
			inputPaths = (
			);
			name = "Check Pods Manifest.lock";
			outputPaths = (
			);
			runOnlyForDeploymentPostprocessing = 0;
			shellPath = /bin/sh;
			shellScript = "diff \"${PODS_ROOT}/../Podfile.lock\" \"${PODS_ROOT}/Manifest.lock\" > /dev/null\nif [[ $? != 0 ]] ; then\n    cat << EOM\nerror: The sandbox is not in sync with the Podfile.lock. Run 'pod install' or update your CocoaPods installation.\nEOM\n    exit 1\nfi\n";
			showEnvVarsInLog = 0;
		};
		4DD71E3A0EDF09870B175785 /* Embed Pods Frameworks */ = {
			isa = PBXShellScriptBuildPhase;
			buildActionMask = 2147483647;
			files = (
			);
			inputPaths = (
			);
			name = "Embed Pods Frameworks";
			outputPaths = (
			);
			runOnlyForDeploymentPostprocessing = 0;
			shellPath = /bin/sh;
			shellScript = "\"${SRCROOT}/Pods/Target Support Files/Pods-XXTable/Pods-XXTable-frameworks.sh\"\n";
			showEnvVarsInLog = 0;
		};
		7539677D2058DD9D9D097C1D /* Copy Pods Resources */ = {
			isa = PBXShellScriptBuildPhase;
			buildActionMask = 2147483647;
			files = (
			);
			inputPaths = (
			);
			name = "Copy Pods Resources";
			outputPaths = (
			);
			runOnlyForDeploymentPostprocessing = 0;
			shellPath = /bin/sh;
			shellScript = "\"${SRCROOT}/Pods/Target Support Files/Pods-XXTable/Pods-XXTable-resources.sh\"\n";
			showEnvVarsInLog = 0;
		};
/* End PBXShellScriptBuildPhase section */

/* Begin PBXSourcesBuildPhase section */
		B5014EB31C8D2C7E00887024 /* Sources */ = {
			isa = PBXSourcesBuildPhase;
			buildActionMask = 2147483647;
			files = (
				B5014EF81C8D2ECA00887024 /* XXNavViewController.m in Sources */,
				B5014EF51C8D2E5D00887024 /* ViewController.m in Sources */,
				B5014EFF1C8D437B00887024 /* XXTableViewController.m in Sources */,
				B5014F021C8D442200887024 /* XXTableViewCell.m in Sources */,
				B5014EF41C8D2E5D00887024 /* AppDelegate.m in Sources */,
				B5014F051C8D471900887024 /* ButtonNormal.m in Sources */,
				B5014EBC1C8D2C7E00887024 /* main.m in Sources */,
			);
			runOnlyForDeploymentPostprocessing = 0;
		};
		B5014ECC1C8D2C7E00887024 /* Sources */ = {
			isa = PBXSourcesBuildPhase;
			buildActionMask = 2147483647;
			files = (
				B5014ED51C8D2C7E00887024 /* XXTableTests.m in Sources */,
			);
			runOnlyForDeploymentPostprocessing = 0;
		};
		B5014ED71C8D2C7E00887024 /* Sources */ = {
			isa = PBXSourcesBuildPhase;
			buildActionMask = 2147483647;
			files = (
				B5014EE01C8D2C7E00887024 /* XXTableUITests.m in Sources */,
			);
			runOnlyForDeploymentPostprocessing = 0;
		};
/* End PBXSourcesBuildPhase section */

/* Begin PBXTargetDependency section */
		B5014ED21C8D2C7E00887024 /* PBXTargetDependency */ = {
			isa = PBXTargetDependency;
			target = B5014EB61C8D2C7E00887024 /* XXTable */;
			targetProxy = B5014ED11C8D2C7E00887024 /* PBXContainerItemProxy */;
		};
		B5014EDD1C8D2C7E00887024 /* PBXTargetDependency */ = {
			isa = PBXTargetDependency;
			target = B5014EB61C8D2C7E00887024 /* XXTable */;
			targetProxy = B5014EDC1C8D2C7E00887024 /* PBXContainerItemProxy */;
		};
/* End PBXTargetDependency section */

/* Begin XCBuildConfiguration section */
		B5014EE21C8D2C7E00887024 /* Debug */ = {
			isa = XCBuildConfiguration;
			buildSettings = {
				ALWAYS_SEARCH_USER_PATHS = NO;
				CLANG_CXX_LANGUAGE_STANDARD = "gnu++0x";
				CLANG_CXX_LIBRARY = "libc++";
				CLANG_ENABLE_MODULES = YES;
				CLANG_ENABLE_OBJC_ARC = YES;
				CLANG_WARN_BOOL_CONVERSION = YES;
				CLANG_WARN_CONSTANT_CONVERSION = YES;
				CLANG_WARN_DIRECT_OBJC_ISA_USAGE = YES_ERROR;
				CLANG_WARN_EMPTY_BODY = YES;
				CLANG_WARN_ENUM_CONVERSION = YES;
				CLANG_WARN_INT_CONVERSION = YES;
				CLANG_WARN_OBJC_ROOT_CLASS = YES_ERROR;
				CLANG_WARN_UNREACHABLE_CODE = YES;
				CLANG_WARN__DUPLICATE_METHOD_MATCH = YES;
				"CODE_SIGN_IDENTITY[sdk=iphoneos*]" = "iPhone Developer";
				COPY_PHASE_STRIP = NO;
				DEBUG_INFORMATION_FORMAT = dwarf;
				ENABLE_STRICT_OBJC_MSGSEND = YES;
				ENABLE_TESTABILITY = YES;
				GCC_C_LANGUAGE_STANDARD = gnu99;
				GCC_DYNAMIC_NO_PIC = NO;
				GCC_NO_COMMON_BLOCKS = YES;
				GCC_OPTIMIZATION_LEVEL = 0;
				GCC_PREPROCESSOR_DEFINITIONS = (
					"DEBUG=1",
					"$(inherited)",
				);
				GCC_WARN_64_TO_32_BIT_CONVERSION = YES;
				GCC_WARN_ABOUT_RETURN_TYPE = YES_ERROR;
				GCC_WARN_UNDECLARED_SELECTOR = YES;
				GCC_WARN_UNINITIALIZED_AUTOS = YES_AGGRESSIVE;
				GCC_WARN_UNUSED_FUNCTION = YES;
				GCC_WARN_UNUSED_VARIABLE = YES;
				IPHONEOS_DEPLOYMENT_TARGET = 9.2;
				MTL_ENABLE_DEBUG_INFO = YES;
				ONLY_ACTIVE_ARCH = YES;
				SDKROOT = iphoneos;
			};
			name = Debug;
		};
		B5014EE31C8D2C7E00887024 /* Release */ = {
			isa = XCBuildConfiguration;
			buildSettings = {
				ALWAYS_SEARCH_USER_PATHS = NO;
				CLANG_CXX_LANGUAGE_STANDARD = "gnu++0x";
				CLANG_CXX_LIBRARY = "libc++";
				CLANG_ENABLE_MODULES = YES;
				CLANG_ENABLE_OBJC_ARC = YES;
				CLANG_WARN_BOOL_CONVERSION = YES;
				CLANG_WARN_CONSTANT_CONVERSION = YES;
				CLANG_WARN_DIRECT_OBJC_ISA_USAGE = YES_ERROR;
				CLANG_WARN_EMPTY_BODY = YES;
				CLANG_WARN_ENUM_CONVERSION = YES;
				CLANG_WARN_INT_CONVERSION = YES;
				CLANG_WARN_OBJC_ROOT_CLASS = YES_ERROR;
				CLANG_WARN_UNREACHABLE_CODE = YES;
				CLANG_WARN__DUPLICATE_METHOD_MATCH = YES;
				"CODE_SIGN_IDENTITY[sdk=iphoneos*]" = "iPhone Developer";
				COPY_PHASE_STRIP = NO;
				DEBUG_INFORMATION_FORMAT = "dwarf-with-dsym";
				ENABLE_NS_ASSERTIONS = NO;
				ENABLE_STRICT_OBJC_MSGSEND = YES;
				GCC_C_LANGUAGE_STANDARD = gnu99;
				GCC_NO_COMMON_BLOCKS = YES;
				GCC_WARN_64_TO_32_BIT_CONVERSION = YES;
				GCC_WARN_ABOUT_RETURN_TYPE = YES_ERROR;
				GCC_WARN_UNDECLARED_SELECTOR = YES;
				GCC_WARN_UNINITIALIZED_AUTOS = YES_AGGRESSIVE;
				GCC_WARN_UNUSED_FUNCTION = YES;
				GCC_WARN_UNUSED_VARIABLE = YES;
				IPHONEOS_DEPLOYMENT_TARGET = 9.2;
				MTL_ENABLE_DEBUG_INFO = NO;
				SDKROOT = iphoneos;
				VALIDATE_PRODUCT = YES;
			};
			name = Release;
		};
		B5014EE51C8D2C7E00887024 /* Debug */ = {
			isa = XCBuildConfiguration;
			baseConfigurationReference = AACD19BBB5498DF60C24E61E /* Pods-XXTable.debug.xcconfig */;
			buildSettings = {
				ASSETCATALOG_COMPILER_APPICON_NAME = AppIcon;
				GCC_PREFIX_HEADER = "$(SRCROOT)/XXTable/PrefixHeader.pch";
				INFOPLIST_FILE = XXTable/Info.plist;
				IPHONEOS_DEPLOYMENT_TARGET = 8.0;
				LD_RUNPATH_SEARCH_PATHS = "$(inherited) @executable_path/Frameworks";
				PRODUCT_BUNDLE_IDENTIFIER = lxx.adqer.com.XXTable;
				PRODUCT_NAME = "$(TARGET_NAME)";
			};
			name = Debug;
		};
		B5014EE61C8D2C7E00887024 /* Release */ = {
			isa = XCBuildConfiguration;
			baseConfigurationReference = 9A15F0F03F6E861766B5752C /* Pods-XXTable.release.xcconfig */;
			buildSettings = {
				ASSETCATALOG_COMPILER_APPICON_NAME = AppIcon;
				GCC_PREFIX_HEADER = "$(SRCROOT)/XXTable/PrefixHeader.pch";
				INFOPLIST_FILE = XXTable/Info.plist;
				IPHONEOS_DEPLOYMENT_TARGET = 8.0;
				LD_RUNPATH_SEARCH_PATHS = "$(inherited) @executable_path/Frameworks";
				PRODUCT_BUNDLE_IDENTIFIER = lxx.adqer.com.XXTable;
				PRODUCT_NAME = "$(TARGET_NAME)";
			};
			name = Release;
		};
		B5014EE81C8D2C7E00887024 /* Debug */ = {
			isa = XCBuildConfiguration;
			buildSettings = {
				BUNDLE_LOADER = "$(TEST_HOST)";
				INFOPLIST_FILE = XXTableTests/Info.plist;
				LD_RUNPATH_SEARCH_PATHS = "$(inherited) @executable_path/Frameworks @loader_path/Frameworks";
				PRODUCT_BUNDLE_IDENTIFIER = lxx.adqer.com.XXTableTests;
				PRODUCT_NAME = "$(TARGET_NAME)";
				TEST_HOST = "$(BUILT_PRODUCTS_DIR)/XXTable.app/XXTable";
			};
			name = Debug;
		};
		B5014EE91C8D2C7E00887024 /* Release */ = {
			isa = XCBuildConfiguration;
			buildSettings = {
				BUNDLE_LOADER = "$(TEST_HOST)";
				INFOPLIST_FILE = XXTableTests/Info.plist;
				LD_RUNPATH_SEARCH_PATHS = "$(inherited) @executable_path/Frameworks @loader_path/Frameworks";
				PRODUCT_BUNDLE_IDENTIFIER = lxx.adqer.com.XXTableTests;
				PRODUCT_NAME = "$(TARGET_NAME)";
				TEST_HOST = "$(BUILT_PRODUCTS_DIR)/XXTable.app/XXTable";
			};
			name = Release;
		};
		B5014EEB1C8D2C7E00887024 /* Debug */ = {
			isa = XCBuildConfiguration;
			buildSettings = {
				INFOPLIST_FILE = XXTableUITests/Info.plist;
				LD_RUNPATH_SEARCH_PATHS = "$(inherited) @executable_path/Frameworks @loader_path/Frameworks";
				PRODUCT_BUNDLE_IDENTIFIER = lxx.adqer.com.XXTableUITests;
				PRODUCT_NAME = "$(TARGET_NAME)";
				TEST_TARGET_NAME = XXTable;
				USES_XCTRUNNER = YES;
			};
			name = Debug;
		};
		B5014EEC1C8D2C7E00887024 /* Release */ = {
			isa = XCBuildConfiguration;
			buildSettings = {
				INFOPLIST_FILE = XXTableUITests/Info.plist;
				LD_RUNPATH_SEARCH_PATHS = "$(inherited) @executable_path/Frameworks @loader_path/Frameworks";
				PRODUCT_BUNDLE_IDENTIFIER = lxx.adqer.com.XXTableUITests;
				PRODUCT_NAME = "$(TARGET_NAME)";
				TEST_TARGET_NAME = XXTable;
				USES_XCTRUNNER = YES;
			};
			name = Release;
		};
/* End XCBuildConfiguration section */

/* Begin XCConfigurationList section */
		B5014EB21C8D2C7E00887024 /* Build configuration list for PBXProject "XXTable" */ = {
			isa = XCConfigurationList;
			buildConfigurations = (
				B5014EE21C8D2C7E00887024 /* Debug */,
				B5014EE31C8D2C7E00887024 /* Release */,
			);
			defaultConfigurationIsVisible = 0;
			defaultConfigurationName = Release;
		};
		B5014EE41C8D2C7E00887024 /* Build configuration list for PBXNativeTarget "XXTable" */ = {
			isa = XCConfigurationList;
			buildConfigurations = (
				B5014EE51C8D2C7E00887024 /* Debug */,
				B5014EE61C8D2C7E00887024 /* Release */,
			);
			defaultConfigurationIsVisible = 0;
			defaultConfigurationName = Release;
		};
		B5014EE71C8D2C7E00887024 /* Build configuration list for PBXNativeTarget "XXTableTests" */ = {
			isa = XCConfigurationList;
			buildConfigurations = (
				B5014EE81C8D2C7E00887024 /* Debug */,
				B5014EE91C8D2C7E00887024 /* Release */,
			);
			defaultConfigurationIsVisible = 0;
			defaultConfigurationName = Release;
		};
		B5014EEA1C8D2C7E00887024 /* Build configuration list for PBXNativeTarget "XXTableUITests" */ = {
			isa = XCConfigurationList;
			buildConfigurations = (
				B5014EEB1C8D2C7E00887024 /* Debug */,
				B5014EEC1C8D2C7E00887024 /* Release */,
			);
			defaultConfigurationIsVisible = 0;
			defaultConfigurationName = Release;
		};
/* End XCConfigurationList section */
	};
	rootObject = B5014EAF1C8D2C7E00887024 /* Project object */;
}
